// !$*UTF8*$!
{
	archiveVersion = 1;
	classes = {
	};
	objectVersion = 46;
	objects = {

/* Begin PBXBuildFile section */
		87015230195E573E00897402 /* Foundation.framework in Frameworks */ = {isa = PBXBuildFile; fileRef = 8701522F195E573E00897402 /* Foundation.framework */; };
		87015232195E573E00897402 /* CoreGraphics.framework in Frameworks */ = {isa = PBXBuildFile; fileRef = 87015231195E573E00897402 /* CoreGraphics.framework */; };
		87015234195E573E00897402 /* UIKit.framework in Frameworks */ = {isa = PBXBuildFile; fileRef = 87015233195E573E00897402 /* UIKit.framework */; };
		8701523A195E573E00897402 /* InfoPlist.strings in Resources */ = {isa = PBXBuildFile; fileRef = 87015238195E573E00897402 /* InfoPlist.strings */; };
		8701523C195E573E00897402 /* main.m in Sources */ = {isa = PBXBuildFile; fileRef = 8701523B195E573E00897402 /* main.m */; };
		87015240195E573E00897402 /* AppDelegate.m in Sources */ = {isa = PBXBuildFile; fileRef = 8701523F195E573E00897402 /* AppDelegate.m */; };
		87015242195E573E00897402 /* Images.xcassets in Resources */ = {isa = PBXBuildFile; fileRef = 87015241195E573E00897402 /* Images.xcassets */; };
		87015249195E573F00897402 /* XCTest.framework in Frameworks */ = {isa = PBXBuildFile; fileRef = 87015248195E573F00897402 /* XCTest.framework */; };
		8701524A195E573F00897402 /* Foundation.framework in Frameworks */ = {isa = PBXBuildFile; fileRef = 8701522F195E573E00897402 /* Foundation.framework */; };
		8701524B195E573F00897402 /* UIKit.framework in Frameworks */ = {isa = PBXBuildFile; fileRef = 87015233195E573E00897402 /* UIKit.framework */; };
		87015253195E573F00897402 /* InfoPlist.strings in Resources */ = {isa = PBXBuildFile; fileRef = 87015251195E573F00897402 /* InfoPlist.strings */; };
		87015255195E573F00897402 /* loginFeedTests.m in Sources */ = {isa = PBXBuildFile; fileRef = 87015254195E573F00897402 /* loginFeedTests.m */; };
		87015261195E57B900897402 /* LoginViewController.m in Sources */ = {isa = PBXBuildFile; fileRef = 8701525F195E57B900897402 /* LoginViewController.m */; };
		87015262195E57B900897402 /* LoginViewController.xib in Resources */ = {isa = PBXBuildFile; fileRef = 87015260195E57B900897402 /* LoginViewController.xib */; };
		8701526B1960CD0D00897402 /* FeedViewController.m in Sources */ = {isa = PBXBuildFile; fileRef = 870152691960CD0D00897402 /* FeedViewController.m */; };
		8701526C1960CD0D00897402 /* FeedViewController.xib in Resources */ = {isa = PBXBuildFile; fileRef = 8701526A1960CD0D00897402 /* FeedViewController.xib */; };
/* End PBXBuildFile section */

/* Begin PBXContainerItemProxy section */
		8701524C195E573F00897402 /* PBXContainerItemProxy */ = {
			isa = PBXContainerItemProxy;
			containerPortal = 87015224195E573E00897402 /* Project object */;
			proxyType = 1;
			remoteGlobalIDString = 8701522B195E573E00897402;
			remoteInfo = loginFeed;
		};
/* End PBXContainerItemProxy section */

/* Begin PBXFileReference section */
		8701522C195E573E00897402 /* loginFeed.app */ = {isa = PBXFileReference; explicitFileType = wrapper.application; includeInIndex = 0; path = loginFeed.app; sourceTree = BUILT_PRODUCTS_DIR; };
		8701522F195E573E00897402 /* Foundation.framework */ = {isa = PBXFileReference; lastKnownFileType = wrapper.framework; name = Foundation.framework; path = System/Library/Frameworks/Foundation.framework; sourceTree = SDKROOT; };
		87015231195E573E00897402 /* CoreGraphics.framework */ = {isa = PBXFileReference; lastKnownFileType = wrapper.framework; name = CoreGraphics.framework; path = System/Library/Frameworks/CoreGraphics.framework; sourceTree = SDKROOT; };
		87015233195E573E00897402 /* UIKit.framework */ = {isa = PBXFileReference; lastKnownFileType = wrapper.framework; name = UIKit.framework; path = System/Library/Frameworks/UIKit.framework; sourceTree = SDKROOT; };
		87015237195E573E00897402 /* loginFeed-Info.plist */ = {isa = PBXFileReference; lastKnownFileType = text.plist.xml; path = "loginFeed-Info.plist"; sourceTree = "<group>"; };
		87015239195E573E00897402 /* en */ = {isa = PBXFileReference; lastKnownFileType = text.plist.strings; name = en; path = en.lproj/InfoPlist.strings; sourceTree = "<group>"; };
		8701523B195E573E00897402 /* main.m */ = {isa = PBXFileReference; lastKnownFileType = sourcecode.c.objc; path = main.m; sourceTree = "<group>"; };
		8701523D195E573E00897402 /* loginFeed-Prefix.pch */ = {isa = PBXFileReference; lastKnownFileType = sourcecode.c.h; path = "loginFeed-Prefix.pch"; sourceTree = "<group>"; };
		8701523E195E573E00897402 /* AppDelegate.h */ = {isa = PBXFileReference; lastKnownFileType = sourcecode.c.h; path = AppDelegate.h; sourceTree = "<group>"; };
		8701523F195E573E00897402 /* AppDelegate.m */ = {isa = PBXFileReference; lastKnownFileType = sourcecode.c.objc; path = AppDelegate.m; sourceTree = "<group>"; };
		87015241195E573E00897402 /* Images.xcassets */ = {isa = PBXFileReference; lastKnownFileType = folder.assetcatalog; path = Images.xcassets; sourceTree = "<group>"; };
		87015247195E573F00897402 /* loginFeedTests.xctest */ = {isa = PBXFileReference; explicitFileType = wrapper.cfbundle; includeInIndex = 0; path = loginFeedTests.xctest; sourceTree = BUILT_PRODUCTS_DIR; };
		87015248195E573F00897402 /* XCTest.framework */ = {isa = PBXFileReference; lastKnownFileType = wrapper.framework; name = XCTest.framework; path = Library/Frameworks/XCTest.framework; sourceTree = DEVELOPER_DIR; };
		87015250195E573F00897402 /* loginFeedTests-Info.plist */ = {isa = PBXFileReference; lastKnownFileType = text.plist.xml; path = "loginFeedTests-Info.plist"; sourceTree = "<group>"; };
		87015252195E573F00897402 /* en */ = {isa = PBXFileReference; lastKnownFileType = text.plist.strings; name = en; path = en.lproj/InfoPlist.strings; sourceTree = "<group>"; };
		87015254195E573F00897402 /* loginFeedTests.m */ = {isa = PBXFileReference; lastKnownFileType = sourcecode.c.objc; path = loginFeedTests.m; sourceTree = "<group>"; };
		8701525E195E57B900897402 /* LoginViewController.h */ = {isa = PBXFileReference; fileEncoding = 4; lastKnownFileType = sourcecode.c.h; path = LoginViewController.h; sourceTree = "<group>"; };
		8701525F195E57B900897402 /* LoginViewController.m */ = {isa = PBXFileReference; fileEncoding = 4; lastKnownFileType = sourcecode.c.objc; path = LoginViewController.m; sourceTree = "<group>"; };
		87015260195E57B900897402 /* LoginViewController.xib */ = {isa = PBXFileReference; fileEncoding = 4; lastKnownFileType = file.xib; path = LoginViewController.xib; sourceTree = "<group>"; };
		870152681960CD0D00897402 /* FeedViewController.h */ = {isa = PBXFileReference; fileEncoding = 4; lastKnownFileType = sourcecode.c.h; path = FeedViewController.h; sourceTree = "<group>"; };
		870152691960CD0D00897402 /* FeedViewController.m */ = {isa = PBXFileReference; fileEncoding = 4; lastKnownFileType = sourcecode.c.objc; path = FeedViewController.m; sourceTree = "<group>"; };
		8701526A1960CD0D00897402 /* FeedViewController.xib */ = {isa = PBXFileReference; fileEncoding = 4; lastKnownFileType = file.xib; path = FeedViewController.xib; sourceTree = "<group>"; };
/* End PBXFileReference section */

/* Begin PBXFrameworksBuildPhase section */
		87015229195E573E00897402 /* Frameworks */ = {
			isa = PBXFrameworksBuildPhase;
			buildActionMask = 2147483647;
			files = (
				87015232195E573E00897402 /* CoreGraphics.framework in Frameworks */,
				87015234195E573E00897402 /* UIKit.framework in Frameworks */,
				87015230195E573E00897402 /* Foundation.framework in Frameworks */,
			);
			runOnlyForDeploymentPostprocessing = 0;
		};
		87015244195E573F00897402 /* Frameworks */ = {
			isa = PBXFrameworksBuildPhase;
			buildActionMask = 2147483647;
			files = (
				87015249195E573F00897402 /* XCTest.framework in Frameworks */,
				8701524B195E573F00897402 /* UIKit.framework in Frameworks */,
				8701524A195E573F00897402 /* Foundation.framework in Frameworks */,
			);
			runOnlyForDeploymentPostprocessing = 0;
		};
/* End PBXFrameworksBuildPhase section */

/* Begin PBXGroup section */
		87015223195E573E00897402 = {
			isa = PBXGroup;
			children = (
				87015235195E573E00897402 /* loginFeed */,
				8701524E195E573F00897402 /* loginFeedTests */,
				8701522E195E573E00897402 /* Frameworks */,
				8701522D195E573E00897402 /* Products */,
			);
			sourceTree = "<group>";
		};
		8701522D195E573E00897402 /* Products */ = {
			isa = PBXGroup;
			children = (
				8701522C195E573E00897402 /* loginFeed.app */,
				87015247195E573F00897402 /* loginFeedTests.xctest */,
			);
			name = Products;
			sourceTree = "<group>";
		};
		8701522E195E573E00897402 /* Frameworks */ = {
			isa = PBXGroup;
			children = (
				8701522F195E573E00897402 /* Foundation.framework */,
				87015231195E573E00897402 /* CoreGraphics.framework */,
				87015233195E573E00897402 /* UIKit.framework */,
				87015248195E573F00897402 /* XCTest.framework */,
			);
			name = Frameworks;
			sourceTree = "<group>";
		};
		87015235195E573E00897402 /* loginFeed */ = {
			isa = PBXGroup;
			children = (
				8701523E195E573E00897402 /* AppDelegate.h */,
				8701523F195E573E00897402 /* AppDelegate.m */,
				87015241195E573E00897402 /* Images.xcassets */,
				87015236195E573E00897402 /* Supporting Files */,
				8701525E195E57B900897402 /* LoginViewController.h */,
				8701525F195E57B900897402 /* LoginViewController.m */,
				87015260195E57B900897402 /* LoginViewController.xib */,
				870152681960CD0D00897402 /* FeedViewController.h */,
				870152691960CD0D00897402 /* FeedViewController.m */,
				8701526A1960CD0D00897402 /* FeedViewController.xib */,
			);
			path = loginFeed;
			sourceTree = "<group>";
		};
		87015236195E573E00897402 /* Supporting Files */ = {
			isa = PBXGroup;
			children = (
				87015237195E573E00897402 /* loginFeed-Info.plist */,
				87015238195E573E00897402 /* InfoPlist.strings */,
				8701523B195E573E00897402 /* main.m */,
				8701523D195E573E00897402 /* loginFeed-Prefix.pch */,
			);
			name = "Supporting Files";
			sourceTree = "<group>";
		};
		8701524E195E573F00897402 /* loginFeedTests */ = {
			isa = PBXGroup;
			children = (
				87015254195E573F00897402 /* loginFeedTests.m */,
				8701524F195E573F00897402 /* Supporting Files */,
			);
			path = loginFeedTests;
			sourceTree = "<group>";
		};
		8701524F195E573F00897402 /* Supporting Files */ = {
			isa = PBXGroup;
			children = (
				87015250195E573F00897402 /* loginFeedTests-Info.plist */,
				87015251195E573F00897402 /* InfoPlist.strings */,
			);
			name = "Supporting Files";
			sourceTree = "<group>";
		};
/* End PBXGroup section */

/* Begin PBXNativeTarget section */
		8701522B195E573E00897402 /* loginFeed */ = {
			isa = PBXNativeTarget;
			buildConfigurationList = 87015258195E573F00897402 /* Build configuration list for PBXNativeTarget "loginFeed" */;
			buildPhases = (
				87015228195E573E00897402 /* Sources */,
				87015229195E573E00897402 /* Frameworks */,
				8701522A195E573E00897402 /* Resources */,
			);
			buildRules = (
			);
			dependencies = (
			);
			name = loginFeed;
			productName = loginFeed;
			productReference = 8701522C195E573E00897402 /* loginFeed.app */;
			productType = "com.apple.product-type.application";
		};
		87015246195E573F00897402 /* loginFeedTests */ = {
			isa = PBXNativeTarget;
			buildConfigurationList = 8701525B195E573F00897402 /* Build configuration list for PBXNativeTarget "loginFeedTests" */;
			buildPhases = (
				87015243195E573F00897402 /* Sources */,
				87015244195E573F00897402 /* Frameworks */,
				87015245195E573F00897402 /* Resources */,
			);
			buildRules = (
			);
			dependencies = (
				8701524D195E573F00897402 /* PBXTargetDependency */,
			);
			name = loginFeedTests;
			productName = loginFeedTests;
			productReference = 87015247195E573F00897402 /* loginFeedTests.xctest */;
			productType = "com.apple.product-type.bundle.unit-test";
		};
/* End PBXNativeTarget section */

/* Begin PBXProject section */
		87015224195E573E00897402 /* Project object */ = {
			isa = PBXProject;
			attributes = {
				LastUpgradeCheck = 0510;
				ORGANIZATIONNAME = Google;
				TargetAttributes = {
					87015246195E573F00897402 = {
						TestTargetID = 8701522B195E573E00897402;
					};
				};
			};
			buildConfigurationList = 87015227195E573E00897402 /* Build configuration list for PBXProject "loginFeed" */;
			compatibilityVersion = "Xcode 3.2";
			developmentRegion = English;
			hasScannedForEncodings = 0;
			knownRegions = (
				en,
			);
			mainGroup = 87015223195E573E00897402;
			productRefGroup = 8701522D195E573E00897402 /* Products */;
			projectDirPath = "";
			projectRoot = "";
			targets = (
				8701522B195E573E00897402 /* loginFeed */,
				87015246195E573F00897402 /* loginFeedTests */,
			);
		};
/* End PBXProject section */

/* Begin PBXResourcesBuildPhase section */
		8701522A195E573E00897402 /* Resources */ = {
			isa = PBXResourcesBuildPhase;
			buildActionMask = 2147483647;
			files = (
				8701523A195E573E00897402 /* InfoPlist.strings in Resources */,
				87015242195E573E00897402 /* Images.xcassets in Resources */,
				8701526C1960CD0D00897402 /* FeedViewController.xib in Resources */,
				87015262195E57B900897402 /* LoginViewController.xib in Resources */,
			);
			runOnlyForDeploymentPostprocessing = 0;
		};
		87015245195E573F00897402 /* Resources */ = {
			isa = PBXResourcesBuildPhase;
			buildActionMask = 2147483647;
			files = (
				87015253195E573F00897402 /* InfoPlist.strings in Resources */,
			);
			runOnlyForDeploymentPostprocessing = 0;
		};
/* End PBXResourcesBuildPhase section */

/* Begin PBXSourcesBuildPhase section */
		87015228195E573E00897402 /* Sources */ = {
			isa = PBXSourcesBuildPhase;
			buildActionMask = 2147483647;
			files = (
				87015240195E573E00897402 /* AppDelegate.m in Sources */,
				8701523C195E573E00897402 /* main.m in Sources */,
				8701526B1960CD0D00897402 /* FeedViewController.m in Sources */,
				87015261195E57B900897402 /* LoginViewController.m in Sources */,
			);
			runOnlyForDeploymentPostprocessing = 0;
		};
		87015243195E573F00897402 /* Sources */ = {
			isa = PBXSourcesBuildPhase;
			buildActionMask = 2147483647;
			files = (
				87015255195E573F00897402 /* loginFeedTests.m in Sources */,
			);
			runOnlyForDeploymentPostprocessing = 0;
		};
/* End PBXSourcesBuildPhase section */

/* Begin PBXTargetDependency section */
		8701524D195E573F00897402 /* PBXTargetDependency */ = {
			isa = PBXTargetDependency;
			target = 8701522B195E573E00897402 /* loginFeed */;
			targetProxy = 8701524C195E573F00897402 /* PBXContainerItemProxy */;
		};
/* End PBXTargetDependency section */

/* Begin PBXVariantGroup section */
		87015238195E573E00897402 /* InfoPlist.strings */ = {
			isa = PBXVariantGroup;
			children = (
				87015239195E573E00897402 /* en */,
			);
			name = InfoPlist.strings;
			sourceTree = "<group>";
		};
		87015251195E573F00897402 /* InfoPlist.strings */ = {
			isa = PBXVariantGroup;
			children = (
				87015252195E573F00897402 /* en */,
			);
			name = InfoPlist.strings;
			sourceTree = "<group>";
		};
/* End PBXVariantGroup section */

/* Begin XCBuildConfiguration section */
		87015256195E573F00897402 /* Debug */ = {
			isa = XCBuildConfiguration;
			buildSettings = {
				ALWAYS_SEARCH_USER_PATHS = NO;
				CLANG_CXX_LANGUAGE_STANDARD = "gnu++0x";
				CLANG_CXX_LIBRARY = "libc++";
				CLANG_ENABLE_MODULES = YES;
				CLANG_ENABLE_OBJC_ARC = YES;
				CLANG_WARN_BOOL_CONVERSION = YES;
				CLANG_WARN_CONSTANT_CONVERSION = YES;
				CLANG_WARN_DIRECT_OBJC_ISA_USAGE = YES_ERROR;
				CLANG_WARN_EMPTY_BODY = YES;
				CLANG_WARN_ENUM_CONVERSION = YES;
				CLANG_WARN_INT_CONVERSION = YES;
				CLANG_WARN_OBJC_ROOT_CLASS = YES_ERROR;
				CLANG_WARN__DUPLICATE_METHOD_MATCH = YES;
				"CODE_SIGN_IDENTITY[sdk=iphoneos*]" = "iPhone Developer";
				COPY_PHASE_STRIP = NO;
				GCC_C_LANGUAGE_STANDARD = gnu99;
				GCC_DYNAMIC_NO_PIC = NO;
				GCC_OPTIMIZATION_LEVEL = 0;
				GCC_PREPROCESSOR_DEFINITIONS = (
					"DEBUG=1",
					"$(inherited)",
				);
				GCC_SYMBOLS_PRIVATE_EXTERN = NO;
				GCC_WARN_64_TO_32_BIT_CONVERSION = YES;
				GCC_WARN_ABOUT_RETURN_TYPE = YES_ERROR;
				GCC_WARN_UNDECLARED_SELECTOR = YES;
				GCC_WARN_UNINITIALIZED_AUTOS = YES_AGGRESSIVE;
				GCC_WARN_UNUSED_FUNCTION = YES;
				GCC_WARN_UNUSED_VARIABLE = YES;
				IPHONEOS_DEPLOYMENT_TARGET = 7.1;
				ONLY_ACTIVE_ARCH = YES;
				SDKROOT = iphoneos;
			};
			name = Debug;
		};
		87015257195E573F00897402 /* Release */ = {
			isa = XCBuildConfiguration;
			buildSettings = {
				ALWAYS_SEARCH_USER_PATHS = NO;
				CLANG_CXX_LANGUAGE_STANDARD = "gnu++0x";
				CLANG_CXX_LIBRARY = "libc++";
				CLANG_ENABLE_MODULES = YES;
				CLANG_ENABLE_OBJC_ARC = YES;
				CLANG_WARN_BOOL_CONVERSION = YES;
				CLANG_WARN_CONSTANT_CONVERSION = YES;
				CLANG_WARN_DIRECT_OBJC_ISA_USAGE = YES_ERROR;
				CLANG_WARN_EMPTY_BODY = YES;
				CLANG_WARN_ENUM_CONVERSION = YES;
				CLANG_WARN_INT_CONVERSION = YES;
				CLANG_WARN_OBJC_ROOT_CLASS = YES_ERROR;
				CLANG_WARN__DUPLICATE_METHOD_MATCH = YES;
				"CODE_SIGN_IDENTITY[sdk=iphoneos*]" = "iPhone Developer";
				COPY_PHASE_STRIP = YES;
				ENABLE_NS_ASSERTIONS = NO;
				GCC_C_LANGUAGE_STANDARD = gnu99;
				GCC_WARN_64_TO_32_BIT_CONVERSION = YES;
				GCC_WARN_ABOUT_RETURN_TYPE = YES_ERROR;
				GCC_WARN_UNDECLARED_SELECTOR = YES;
				GCC_WARN_UNINITIALIZED_AUTOS = YES_AGGRESSIVE;
				GCC_WARN_UNUSED_FUNCTION = YES;
				GCC_WARN_UNUSED_VARIABLE = YES;
				IPHONEOS_DEPLOYMENT_TARGET = 7.1;
				SDKROOT = iphoneos;
				VALIDATE_PRODUCT = YES;
			};
			name = Release;
		};
		87015259195E573F00897402 /* Debug */ = {
			isa = XCBuildConfiguration;
			buildSettings = {
				ASSETCATALOG_COMPILER_APPICON_NAME = AppIcon;
				ASSETCATALOG_COMPILER_LAUNCHIMAGE_NAME = LaunchImage;
				GCC_PRECOMPILE_PREFIX_HEADER = YES;
				GCC_PREFIX_HEADER = "loginFeed/loginFeed-Prefix.pch";
				INFOPLIST_FILE = "loginFeed/loginFeed-Info.plist";
				PRODUCT_NAME = "$(TARGET_NAME)";
				WRAPPER_EXTENSION = app;
			};
			name = Debug;
		};
		8701525A195E573F00897402 /* Release */ = {
			isa = XCBuildConfiguration;
			buildSettings = {
				ASSETCATALOG_COMPILER_APPICON_NAME = AppIcon;
				ASSETCATALOG_COMPILER_LAUNCHIMAGE_NAME = LaunchImage;
				GCC_PRECOMPILE_PREFIX_HEADER = YES;
				GCC_PREFIX_HEADER = "loginFeed/loginFeed-Prefix.pch";
				INFOPLIST_FILE = "loginFeed/loginFeed-Info.plist";
				PRODUCT_NAME = "$(TARGET_NAME)";
				WRAPPER_EXTENSION = app;
			};
			name = Release;
		};
		8701525C195E573F00897402 /* Debug */ = {
			isa = XCBuildConfiguration;
			buildSettings = {
				BUNDLE_LOADER = "$(BUILT_PRODUCTS_DIR)/loginFeed.app/loginFeed";
				FRAMEWORK_SEARCH_PATHS = (
					"$(SDKROOT)/Developer/Library/Frameworks",
					"$(inherited)",
					"$(DEVELOPER_FRAMEWORKS_DIR)",
				);
				GCC_PRECOMPILE_PREFIX_HEADER = YES;
				GCC_PREFIX_HEADER = "loginFeed/loginFeed-Prefix.pch";
				GCC_PREPROCESSOR_DEFINITIONS = (
					"DEBUG=1",
					"$(inherited)",
				);
				INFOPLIST_FILE = "loginFeedTests/loginFeedTests-Info.plist";
				PRODUCT_NAME = "$(TARGET_NAME)";
				TEST_HOST = "$(BUNDLE_LOADER)";
				WRAPPER_EXTENSION = xctest;
			};
			name = Debug;
		};
		8701525D195E573F00897402 /* Release */ = {
			isa = XCBuildConfiguration;
			buildSettings = {
				BUNDLE_LOADER = "$(BUILT_PRODUCTS_DIR)/loginFeed.app/loginFeed";
				FRAMEWORK_SEARCH_PATHS = (
					"$(SDKROOT)/Developer/Library/Frameworks",
					"$(inherited)",
					"$(DEVELOPER_FRAMEWORKS_DIR)",
				);
				GCC_PRECOMPILE_PREFIX_HEADER = YES;
				GCC_PREFIX_HEADER = "loginFeed/loginFeed-Prefix.pch";
				INFOPLIST_FILE = "loginFeedTests/loginFeedTests-Info.plist";
				PRODUCT_NAME = "$(TARGET_NAME)";
				TEST_HOST = "$(BUNDLE_LOADER)";
				WRAPPER_EXTENSION = xctest;
			};
			name = Release;
		};
/* End XCBuildConfiguration section */

/* Begin XCConfigurationList section */
		87015227195E573E00897402 /* Build configuration list for PBXProject "loginFeed" */ = {
			isa = XCConfigurationList;
			buildConfigurations = (
				87015256195E573F00897402 /* Debug */,
				87015257195E573F00897402 /* Release */,
			);
			defaultConfigurationIsVisible = 0;
			defaultConfigurationName = Release;
		};
		87015258195E573F00897402 /* Build configuration list for PBXNativeTarget "loginFeed" */ = {
			isa = XCConfigurationList;
			buildConfigurations = (
				87015259195E573F00897402 /* Debug */,
				8701525A195E573F00897402 /* Release */,
			);
			defaultConfigurationIsVisible = 0;
		};
		8701525B195E573F00897402 /* Build configuration list for PBXNativeTarget "loginFeedTests" */ = {
			isa = XCConfigurationList;
			buildConfigurations = (
				8701525C195E573F00897402 /* Debug */,
				8701525D195E573F00897402 /* Release */,
			);
			defaultConfigurationIsVisible = 0;
		};
/* End XCConfigurationList section */
	};
	rootObject = 87015224195E573E00897402 /* Project object */;
}
